
Microsoft Visual Studio Solution File, Format Version 12.00
# Visual Studio Version 16
VisualStudioVersion = 16.0.30330.147
MinimumVisualStudioVersion = 10.0.40219.1
Project("{9A19103F-16F7-4668-BE54-9A1E7A4F7556}") = "codeRed_Capstone", "codeRed_Capstone\codeRed_Capstone.csproj", "{836BCD9F-159E-460A-BD92-BEBC7A22DE0A}"
EndProject
Global
	GlobalSection(SolutionConfigurationPlatforms) = preSolution
		Debug|Any CPU = Debug|Any CPU
		Release|Any CPU = Release|Any CPU
	EndGlobalSection
	GlobalSection(ProjectConfigurationPlatforms) = postSolution
		{836BCD9F-159E-460A-BD92-BEBC7A22DE0A}.Debug|Any CPU.ActiveCfg = Debug|Any CPU
		{836BCD9F-159E-460A-BD92-BEBC7A22DE0A}.Debug|Any CPU.Build.0 = Debug|Any CPU
		{836BCD9F-159E-460A-BD92-BEBC7A22DE0A}.Release|Any CPU.ActiveCfg = Release|Any CPU
		{836BCD9F-159E-460A-BD92-BEBC7A22DE0A}.Release|Any CPU.Build.0 = Release|Any CPU
	EndGlobalSection
	GlobalSection(SolutionProperties) = preSolution
		HideSolutionNode = FALSE
	EndGlobalSection
	GlobalSection(ExtensibilityGlobals) = postSolution
		SolutionGuid = {02328845-D1E0-4C8B-A745-E55804FBD209}
	EndGlobalSection
EndGlobal
